
Microsoft Visual Studio Solution File, Format Version 12.00
# Visual Studio Version 16
VisualStudioVersion = 16.0.31613.86
MinimumVisualStudioVersion = 10.0.40219.1
Project("{9A19103F-16F7-4668-BE54-9A1E7A4F7556}") = "APICompras", "APICompras\APICompras.csproj", "{7FB4DF2A-59AD-4708-A541-96C5D87CEDED}"
EndProject
Project("{FAE04EC0-301F-11D3-BF4B-00C04F79EFBC}") = "APIComprasTest", "APIComprasTest\APIComprasTest.csproj", "{F7BB3352-A903-45CB-AD9E-E77F10184900}"
EndProject
Global
	GlobalSection(SolutionConfigurationPlatforms) = preSolution
		Debug|Any CPU = Debug|Any CPU
		Release|Any CPU = Release|Any CPU
	EndGlobalSection
	GlobalSection(ProjectConfigurationPlatforms) = postSolution
		{7FB4DF2A-59AD-4708-A541-96C5D87CEDED}.Debug|Any CPU.ActiveCfg = Debug|Any CPU
		{7FB4DF2A-59AD-4708-A541-96C5D87CEDED}.Debug|Any CPU.Build.0 = Debug|Any CPU
		{7FB4DF2A-59AD-4708-A541-96C5D87CEDED}.Release|Any CPU.ActiveCfg = Release|Any CPU
		{7FB4DF2A-59AD-4708-A541-96C5D87CEDED}.Release|Any CPU.Build.0 = Release|Any CPU
		{F7BB3352-A903-45CB-AD9E-E77F10184900}.Debug|Any CPU.ActiveCfg = Debug|Any CPU
		{F7BB3352-A903-45CB-AD9E-E77F10184900}.Debug|Any CPU.Build.0 = Debug|Any CPU
		{F7BB3352-A903-45CB-AD9E-E77F10184900}.Release|Any CPU.ActiveCfg = Release|Any CPU
		{F7BB3352-A903-45CB-AD9E-E77F10184900}.Release|Any CPU.Build.0 = Release|Any CPU
	EndGlobalSection
	GlobalSection(SolutionProperties) = preSolution
		HideSolutionNode = FALSE
	EndGlobalSection
	GlobalSection(ExtensibilityGlobals) = postSolution
		SolutionGuid = {74E9E84E-7D73-453F-B5C3-E80AE9979E8B}
	EndGlobalSection
EndGlobal
